
Microsoft Visual Studio Solution File, Format Version 12.00
# Visual Studio Version 17
VisualStudioVersion = 17.10.34707.107
MinimumVisualStudioVersion = 10.0.40219.1
Project("{9A19103F-16F7-4668-BE54-9A1E7A4F7556}") = "Info-Recluso", "Info-Recluso\Info-Recluso.csproj", "{8786FBB8-D1CE-464C-86AC-1F3687853AF0}"
EndProject
Project("{FAE04EC0-301F-11D3-BF4B-00C04F79EFBC}") = "Datos", "Datos\Datos.csproj", "{1F71F034-6EAF-4E47-B699-D2D32F6C0533}"
EndProject
Global
	GlobalSection(SolutionConfigurationPlatforms) = preSolution
		Debug|Any CPU = Debug|Any CPU
		Release|Any CPU = Release|Any CPU
	EndGlobalSection
	GlobalSection(ProjectConfigurationPlatforms) = postSolution
		{8786FBB8-D1CE-464C-86AC-1F3687853AF0}.Debug|Any CPU.ActiveCfg = Debug|Any CPU
		{8786FBB8-D1CE-464C-86AC-1F3687853AF0}.Debug|Any CPU.Build.0 = Debug|Any CPU
		{8786FBB8-D1CE-464C-86AC-1F3687853AF0}.Release|Any CPU.ActiveCfg = Release|Any CPU
		{8786FBB8-D1CE-464C-86AC-1F3687853AF0}.Release|Any CPU.Build.0 = Release|Any CPU
		{1F71F034-6EAF-4E47-B699-D2D32F6C0533}.Debug|Any CPU.ActiveCfg = Debug|Any CPU
		{1F71F034-6EAF-4E47-B699-D2D32F6C0533}.Debug|Any CPU.Build.0 = Debug|Any CPU
		{1F71F034-6EAF-4E47-B699-D2D32F6C0533}.Release|Any CPU.ActiveCfg = Release|Any CPU
		{1F71F034-6EAF-4E47-B699-D2D32F6C0533}.Release|Any CPU.Build.0 = Release|Any CPU
	EndGlobalSection
	GlobalSection(SolutionProperties) = preSolution
		HideSolutionNode = FALSE
	EndGlobalSection
	GlobalSection(ExtensibilityGlobals) = postSolution
		SolutionGuid = {17672A1E-832F-4297-9FBB-EF300884E6CF}
	EndGlobalSection
EndGlobal
